Microsoft Visual Studio Solution File, Format Version 12.00
# Visual Studio Version 17
VisualStudioVersion = 17.5.2.0
MinimumVisualStudioVersion = 10.0.40219.1
Project("{FAE04EC0-301F-11D3-BF4B-00C04F79EFBC}") = "WebAPIAutores", "WebAPIAutores.csproj", "{BB9F3BBE-E6E5-4B73-EE3B-F36992D4161D}"
EndProject
Global
	GlobalSection(SolutionConfigurationPlatforms) = preSolution
		Debug|Any CPU = Debug|Any CPU
		Release|Any CPU = Release|Any CPU
	EndGlobalSection
	GlobalSection(ProjectConfigurationPlatforms) = postSolution
		{BB9F3BBE-E6E5-4B73-EE3B-F36992D4161D}.Debug|Any CPU.ActiveCfg = Debug|Any CPU
		{BB9F3BBE-E6E5-4B73-EE3B-F36992D4161D}.Debug|Any CPU.Build.0 = Debug|Any CPU
		{BB9F3BBE-E6E5-4B73-EE3B-F36992D4161D}.Release|Any CPU.ActiveCfg = Release|Any CPU
		{BB9F3BBE-E6E5-4B73-EE3B-F36992D4161D}.Release|Any CPU.Build.0 = Release|Any CPU
	EndGlobalSection
	GlobalSection(SolutionProperties) = preSolution
		HideSolutionNode = FALSE
	EndGlobalSection
	GlobalSection(ExtensibilityGlobals) = postSolution
		SolutionGuid = {58A4094C-003D-4023-B59A-F18AD78D96BD}
	EndGlobalSection
EndGlobal
